
Microsoft Visual Studio Solution File, Format Version 12.00
# Visual Studio 15
VisualStudioVersion = 15.0.27004.2010
MinimumVisualStudioVersion = 10.0.40219.1
Project("{9A19103F-16F7-4668-BE54-9A1E7A4F7556}") = "LinearDataStructures", "LinearDataStructures\LinearDataStructures.csproj", "{3A44F959-EF74-4CA5-9732-3181EA492A2C}"
EndProject
Project("{9A19103F-16F7-4668-BE54-9A1E7A4F7556}") = "Client", "Client\Client.csproj", "{8C2461B2-3CDA-42A7-BF9A-75C7CE17C845}"
EndProject
Project("{FAE04EC0-301F-11D3-BF4B-00C04F79EFBC}") = "LinearDataStructures.Tasks", "LinearDataStructures.Tasks\LinearDataStructures.Tasks.csproj", "{A6FACE78-454D-4E5E-99AD-C6069B1D1F9C}"
EndProject
Global
	GlobalSection(SolutionConfigurationPlatforms) = preSolution
		Debug|Any CPU = Debug|Any CPU
		Release|Any CPU = Release|Any CPU
	EndGlobalSection
	GlobalSection(ProjectConfigurationPlatforms) = postSolution
		{3A44F959-EF74-4CA5-9732-3181EA492A2C}.Debug|Any CPU.ActiveCfg = Debug|Any CPU
		{3A44F959-EF74-4CA5-9732-3181EA492A2C}.Debug|Any CPU.Build.0 = Debug|Any CPU
		{3A44F959-EF74-4CA5-9732-3181EA492A2C}.Release|Any CPU.ActiveCfg = Release|Any CPU
		{3A44F959-EF74-4CA5-9732-3181EA492A2C}.Release|Any CPU.Build.0 = Release|Any CPU
		{8C2461B2-3CDA-42A7-BF9A-75C7CE17C845}.Debug|Any CPU.ActiveCfg = Debug|Any CPU
		{8C2461B2-3CDA-42A7-BF9A-75C7CE17C845}.Debug|Any CPU.Build.0 = Debug|Any CPU
		{8C2461B2-3CDA-42A7-BF9A-75C7CE17C845}.Release|Any CPU.ActiveCfg = Release|Any CPU
		{8C2461B2-3CDA-42A7-BF9A-75C7CE17C845}.Release|Any CPU.Build.0 = Release|Any CPU
		{A6FACE78-454D-4E5E-99AD-C6069B1D1F9C}.Debug|Any CPU.ActiveCfg = Debug|Any CPU
		{A6FACE78-454D-4E5E-99AD-C6069B1D1F9C}.Debug|Any CPU.Build.0 = Debug|Any CPU
		{A6FACE78-454D-4E5E-99AD-C6069B1D1F9C}.Release|Any CPU.ActiveCfg = Release|Any CPU
		{A6FACE78-454D-4E5E-99AD-C6069B1D1F9C}.Release|Any CPU.Build.0 = Release|Any CPU
	EndGlobalSection
	GlobalSection(SolutionProperties) = preSolution
		HideSolutionNode = FALSE
	EndGlobalSection
	GlobalSection(ExtensibilityGlobals) = postSolution
		SolutionGuid = {29BBC533-0B60-4487-96EE-B574ED4FCC50}
	EndGlobalSection
EndGlobal
